# This file is automatically @generated by Cargo.
# It is not intended for manual editing.
version = 4

[[package]]
name = "aegis-core"
version = "0.1.0"

[[package]]
name = "aegis-crypto"
version = "0.1.0"

[[package]]
name = "aegis-ffi"
version = "0.1.0"

[[package]]
name = "aegis-file"
version = "0.1.0"

[[package]]
name = "aegis-net"
version = "0.1.0"

[[package]]
name = "aegis-ratchet"
version = "0.1.0"

[[package]]
name = "aegis-vault"
version = "0.1.0"
